// !$*UTF8*$!
{
	archiveVersion = 1;
	classes = {
	};
	objectVersion = 50;
	objects = {

/* Begin PBXBuildFile section */
		51952A1E4456AE4D6D2CF4E1 /* Pods_SocialChatApp.framework in Frameworks */ = {isa = PBXBuildFile; fileRef = 81F0CFA83F3432AA682E7554 /* Pods_SocialChatApp.framework */; };
		B725A27C2140B9450097C7AC /* AppDelegate.swift in Sources */ = {isa = PBXBuildFile; fileRef = B725A27B2140B9450097C7AC /* AppDelegate.swift */; };
		B725A27E2140B9450097C7AC /* FeedVC.swift in Sources */ = {isa = PBXBuildFile; fileRef = B725A27D2140B9450097C7AC /* FeedVC.swift */; };
		B725A2802140B9450097C7AC /* GroupsVC.swift in Sources */ = {isa = PBXBuildFile; fileRef = B725A27F2140B9450097C7AC /* GroupsVC.swift */; };
		B725A2832140B9450097C7AC /* Main.storyboard in Resources */ = {isa = PBXBuildFile; fileRef = B725A2812140B9450097C7AC /* Main.storyboard */; };
		B725A2852140B9480097C7AC /* Assets.xcassets in Resources */ = {isa = PBXBuildFile; fileRef = B725A2842140B9470097C7AC /* Assets.xcassets */; };
		B725A2882140B9480097C7AC /* LaunchScreen.storyboard in Resources */ = {isa = PBXBuildFile; fileRef = B725A2862140B9480097C7AC /* LaunchScreen.storyboard */; };
		B725A2952140C6380097C7AC /* GoogleService-Info.plist in Resources */ = {isa = PBXBuildFile; fileRef = B725A2942140C6380097C7AC /* GoogleService-Info.plist */; };
		B72DCECD21432E8D00FD2B40 /* DataService.swift in Sources */ = {isa = PBXBuildFile; fileRef = B72DCECC21432E8D00FD2B40 /* DataService.swift */; };
		B72DCECF21433C5900FD2B40 /* AuthVC.swift in Sources */ = {isa = PBXBuildFile; fileRef = B72DCECE21433C5900FD2B40 /* AuthVC.swift */; };
		B72DCED121433C6700FD2B40 /* LoginVC.swift in Sources */ = {isa = PBXBuildFile; fileRef = B72DCED021433C6700FD2B40 /* LoginVC.swift */; };
		B72DCED321433CC400FD2B40 /* InsetTextField.swift in Sources */ = {isa = PBXBuildFile; fileRef = B72DCED221433CC400FD2B40 /* InsetTextField.swift */; };
		B72DCED521433FAC00FD2B40 /* ShadowView.swift in Sources */ = {isa = PBXBuildFile; fileRef = B72DCED421433FAC00FD2B40 /* ShadowView.swift */; };
		B72DCED7214340AA00FD2B40 /* AuthService.swift in Sources */ = {isa = PBXBuildFile; fileRef = B72DCED6214340AA00FD2B40 /* AuthService.swift */; };
		B73C9DDA215038F00074DA9C /* UserCell.swift in Sources */ = {isa = PBXBuildFile; fileRef = B73C9DD9215038F00074DA9C /* UserCell.swift */; };
		B73C9DDC21504E9A0074DA9C /* GroupCell.swift in Sources */ = {isa = PBXBuildFile; fileRef = B73C9DDB21504E9A0074DA9C /* GroupCell.swift */; };
		B73C9DDE2150512F0074DA9C /* Group.swift in Sources */ = {isa = PBXBuildFile; fileRef = B73C9DDD2150512F0074DA9C /* Group.swift */; };
		B73C9DE021505B850074DA9C /* GroupFeedCell.swift in Sources */ = {isa = PBXBuildFile; fileRef = B73C9DDF21505B850074DA9C /* GroupFeedCell.swift */; };
		B73C9DE221505BD00074DA9C /* GroupFeedVC.swift in Sources */ = {isa = PBXBuildFile; fileRef = B73C9DE121505BD00074DA9C /* GroupFeedVC.swift */; };
		B73C9DE421506F9B0074DA9C /* UIViewControllerExt.swift in Sources */ = {isa = PBXBuildFile; fileRef = B73C9DE321506F9B0074DA9C /* UIViewControllerExt.swift */; };
		B783AB26214DD50B008FA433 /* AccountVC.swift in Sources */ = {isa = PBXBuildFile; fileRef = B783AB25214DD50B008FA433 /* AccountVC.swift */; };
		B783AB28214DD8FF008FA433 /* CreatePostVC.swift in Sources */ = {isa = PBXBuildFile; fileRef = B783AB27214DD8FF008FA433 /* CreatePostVC.swift */; };
		B783AB2A214DF613008FA433 /* UIViewExt.swift in Sources */ = {isa = PBXBuildFile; fileRef = B783AB29214DF613008FA433 /* UIViewExt.swift */; };
		B783AB2C214DFE94008FA433 /* FeedCell.swift in Sources */ = {isa = PBXBuildFile; fileRef = B783AB2B214DFE94008FA433 /* FeedCell.swift */; };
		B783AB2E214DFF7A008FA433 /* Message.swift in Sources */ = {isa = PBXBuildFile; fileRef = B783AB2D214DFF7A008FA433 /* Message.swift */; };
		B7AC0713214F57AC000E9DF2 /* CreateGroupsVC.swift in Sources */ = {isa = PBXBuildFile; fileRef = B7AC0712214F57AC000E9DF2 /* CreateGroupsVC.swift */; };
/* End PBXBuildFile section */

/* Begin PBXFileReference section */
		7FCFA5E4DF74C2560749DCCD /* Pods-SocialChatApp.release.xcconfig */ = {isa = PBXFileReference; includeInIndex = 1; lastKnownFileType = text.xcconfig; name = "Pods-SocialChatApp.release.xcconfig"; path = "Pods/Target Support Files/Pods-SocialChatApp/Pods-SocialChatApp.release.xcconfig"; sourceTree = "<group>"; };
		81F0CFA83F3432AA682E7554 /* Pods_SocialChatApp.framework */ = {isa = PBXFileReference; explicitFileType = wrapper.framework; includeInIndex = 0; path = Pods_SocialChatApp.framework; sourceTree = BUILT_PRODUCTS_DIR; };
		8EA48C46D19D7A8ED8381A0E /* Pods-SocialChatApp.debug.xcconfig */ = {isa = PBXFileReference; includeInIndex = 1; lastKnownFileType = text.xcconfig; name = "Pods-SocialChatApp.debug.xcconfig"; path = "Pods/Target Support Files/Pods-SocialChatApp/Pods-SocialChatApp.debug.xcconfig"; sourceTree = "<group>"; };
		B725A2782140B9450097C7AC /* SocialChatApp.app */ = {isa = PBXFileReference; explicitFileType = wrapper.application; includeInIndex = 0; path = SocialChatApp.app; sourceTree = BUILT_PRODUCTS_DIR; };
		B725A27B2140B9450097C7AC /* AppDelegate.swift */ = {isa = PBXFileReference; lastKnownFileType = sourcecode.swift; path = AppDelegate.swift; sourceTree = "<group>"; };
		B725A27D2140B9450097C7AC /* FeedVC.swift */ = {isa = PBXFileReference; lastKnownFileType = sourcecode.swift; path = FeedVC.swift; sourceTree = "<group>"; };
		B725A27F2140B9450097C7AC /* GroupsVC.swift */ = {isa = PBXFileReference; lastKnownFileType = sourcecode.swift; path = GroupsVC.swift; sourceTree = "<group>"; };
		B725A2822140B9450097C7AC /* Base */ = {isa = PBXFileReference; lastKnownFileType = file.storyboard; name = Base; path = Base.lproj/Main.storyboard; sourceTree = "<group>"; };
		B725A2842140B9470097C7AC /* Assets.xcassets */ = {isa = PBXFileReference; lastKnownFileType = folder.assetcatalog; path = Assets.xcassets; sourceTree = "<group>"; };
		B725A2872140B9480097C7AC /* Base */ = {isa = PBXFileReference; lastKnownFileType = file.storyboard; name = Base; path = Base.lproj/LaunchScreen.storyboard; sourceTree = "<group>"; };
		B725A2892140B9480097C7AC /* Info.plist */ = {isa = PBXFileReference; lastKnownFileType = text.plist.xml; path = Info.plist; sourceTree = "<group>"; };
		B725A2942140C6380097C7AC /* GoogleService-Info.plist */ = {isa = PBXFileReference; fileEncoding = 4; lastKnownFileType = text.plist.xml; path = "GoogleService-Info.plist"; sourceTree = "<group>"; };
		B72DCECC21432E8D00FD2B40 /* DataService.swift */ = {isa = PBXFileReference; lastKnownFileType = sourcecode.swift; path = DataService.swift; sourceTree = "<group>"; };
		B72DCECE21433C5900FD2B40 /* AuthVC.swift */ = {isa = PBXFileReference; lastKnownFileType = sourcecode.swift; path = AuthVC.swift; sourceTree = "<group>"; };
		B72DCED021433C6700FD2B40 /* LoginVC.swift */ = {isa = PBXFileReference; lastKnownFileType = sourcecode.swift; path = LoginVC.swift; sourceTree = "<group>"; };
		B72DCED221433CC400FD2B40 /* InsetTextField.swift */ = {isa = PBXFileReference; lastKnownFileType = sourcecode.swift; path = InsetTextField.swift; sourceTree = "<group>"; };
		B72DCED421433FAC00FD2B40 /* ShadowView.swift */ = {isa = PBXFileReference; lastKnownFileType = sourcecode.swift; path = ShadowView.swift; sourceTree = "<group>"; };
		B72DCED6214340AA00FD2B40 /* AuthService.swift */ = {isa = PBXFileReference; lastKnownFileType = sourcecode.swift; path = AuthService.swift; sourceTree = "<group>"; };
		B73C9DD9215038F00074DA9C /* UserCell.swift */ = {isa = PBXFileReference; lastKnownFileType = sourcecode.swift; path = UserCell.swift; sourceTree = "<group>"; };
		B73C9DDB21504E9A0074DA9C /* GroupCell.swift */ = {isa = PBXFileReference; lastKnownFileType = sourcecode.swift; path = GroupCell.swift; sourceTree = "<group>"; };
		B73C9DDD2150512F0074DA9C /* Group.swift */ = {isa = PBXFileReference; lastKnownFileType = sourcecode.swift; path = Group.swift; sourceTree = "<group>"; };
		B73C9DDF21505B850074DA9C /* GroupFeedCell.swift */ = {isa = PBXFileReference; lastKnownFileType = sourcecode.swift; path = GroupFeedCell.swift; sourceTree = "<group>"; };
		B73C9DE121505BD00074DA9C /* GroupFeedVC.swift */ = {isa = PBXFileReference; lastKnownFileType = sourcecode.swift; path = GroupFeedVC.swift; sourceTree = "<group>"; };
		B73C9DE321506F9B0074DA9C /* UIViewControllerExt.swift */ = {isa = PBXFileReference; lastKnownFileType = sourcecode.swift; path = UIViewControllerExt.swift; sourceTree = "<group>"; };
		B783AB25214DD50B008FA433 /* AccountVC.swift */ = {isa = PBXFileReference; lastKnownFileType = sourcecode.swift; path = AccountVC.swift; sourceTree = "<group>"; };
		B783AB27214DD8FF008FA433 /* CreatePostVC.swift */ = {isa = PBXFileReference; lastKnownFileType = sourcecode.swift; path = CreatePostVC.swift; sourceTree = "<group>"; };
		B783AB29214DF613008FA433 /* UIViewExt.swift */ = {isa = PBXFileReference; lastKnownFileType = sourcecode.swift; path = UIViewExt.swift; sourceTree = "<group>"; };
		B783AB2B214DFE94008FA433 /* FeedCell.swift */ = {isa = PBXFileReference; lastKnownFileType = sourcecode.swift; path = FeedCell.swift; sourceTree = "<group>"; };
		B783AB2D214DFF7A008FA433 /* Message.swift */ = {isa = PBXFileReference; lastKnownFileType = sourcecode.swift; path = Message.swift; sourceTree = "<group>"; };
		B7AC0712214F57AC000E9DF2 /* CreateGroupsVC.swift */ = {isa = PBXFileReference; lastKnownFileType = sourcecode.swift; path = CreateGroupsVC.swift; sourceTree = "<group>"; };
/* End PBXFileReference section */

/* Begin PBXFrameworksBuildPhase section */
		B725A2752140B9450097C7AC /* Frameworks */ = {
			isa = PBXFrameworksBuildPhase;
			buildActionMask = 2147483647;
			files = (
				51952A1E4456AE4D6D2CF4E1 /* Pods_SocialChatApp.framework in Frameworks */,
			);
			runOnlyForDeploymentPostprocessing = 0;
		};
/* End PBXFrameworksBuildPhase section */

/* Begin PBXGroup section */
		B725A26F2140B9450097C7AC = {
			isa = PBXGroup;
			children = (
				B725A27A2140B9450097C7AC /* SocialChatApp */,
				B725A2792140B9450097C7AC /* Products */,
				E1C2022B1579806CACF230AF /* Pods */,
				D4517637E3B25A05DA44FDB4 /* Frameworks */,
			);
			sourceTree = "<group>";
		};
		B725A2792140B9450097C7AC /* Products */ = {
			isa = PBXGroup;
			children = (
				B725A2782140B9450097C7AC /* SocialChatApp.app */,
			);
			name = Products;
			sourceTree = "<group>";
		};
		B725A27A2140B9450097C7AC /* SocialChatApp */ = {
			isa = PBXGroup;
			children = (
				B725A2932140B9C80097C7AC /* Services */,
				B725A2922140B9BB0097C7AC /* Extensions */,
				B725A2912140B9AB0097C7AC /* Model */,
				B725A2902140B9A60097C7AC /* View */,
				B725A28F2140B9930097C7AC /* Controller */,
				B725A27B2140B9450097C7AC /* AppDelegate.swift */,
				B725A2812140B9450097C7AC /* Main.storyboard */,
				B725A2842140B9470097C7AC /* Assets.xcassets */,
				B725A2942140C6380097C7AC /* GoogleService-Info.plist */,
				B725A2862140B9480097C7AC /* LaunchScreen.storyboard */,
				B725A2892140B9480097C7AC /* Info.plist */,
			);
			path = SocialChatApp;
			sourceTree = "<group>";
		};
		B725A28F2140B9930097C7AC /* Controller */ = {
			isa = PBXGroup;
			children = (
				B725A27D2140B9450097C7AC /* FeedVC.swift */,
				B725A27F2140B9450097C7AC /* GroupsVC.swift */,
				B72DCECE21433C5900FD2B40 /* AuthVC.swift */,
				B72DCED021433C6700FD2B40 /* LoginVC.swift */,
				B783AB25214DD50B008FA433 /* AccountVC.swift */,
				B783AB27214DD8FF008FA433 /* CreatePostVC.swift */,
				B7AC0712214F57AC000E9DF2 /* CreateGroupsVC.swift */,
				B73C9DE121505BD00074DA9C /* GroupFeedVC.swift */,
			);
			path = Controller;
			sourceTree = "<group>";
		};
		B725A2902140B9A60097C7AC /* View */ = {
			isa = PBXGroup;
			children = (
				B72DCED221433CC400FD2B40 /* InsetTextField.swift */,
				B72DCED421433FAC00FD2B40 /* ShadowView.swift */,
				B783AB2B214DFE94008FA433 /* FeedCell.swift */,
				B73C9DD9215038F00074DA9C /* UserCell.swift */,
				B73C9DDB21504E9A0074DA9C /* GroupCell.swift */,
				B73C9DDF21505B850074DA9C /* GroupFeedCell.swift */,
			);
			path = View;
			sourceTree = "<group>";
		};
		B725A2912140B9AB0097C7AC /* Model */ = {
			isa = PBXGroup;
			children = (
				B783AB2D214DFF7A008FA433 /* Message.swift */,
				B73C9DDD2150512F0074DA9C /* Group.swift */,
			);
			path = Model;
			sourceTree = "<group>";
		};
		B725A2922140B9BB0097C7AC /* Extensions */ = {
			isa = PBXGroup;
			children = (
				B783AB29214DF613008FA433 /* UIViewExt.swift */,
				B73C9DE321506F9B0074DA9C /* UIViewControllerExt.swift */,
			);
			path = Extensions;
			sourceTree = "<group>";
		};
		B725A2932140B9C80097C7AC /* Services */ = {
			isa = PBXGroup;
			children = (
				B72DCECC21432E8D00FD2B40 /* DataService.swift */,
				B72DCED6214340AA00FD2B40 /* AuthService.swift */,
			);
			path = Services;
			sourceTree = "<group>";
		};
		D4517637E3B25A05DA44FDB4 /* Frameworks */ = {
			isa = PBXGroup;
			children = (
				81F0CFA83F3432AA682E7554 /* Pods_SocialChatApp.framework */,
			);
			name = Frameworks;
			sourceTree = "<group>";
		};
		E1C2022B1579806CACF230AF /* Pods */ = {
			isa = PBXGroup;
			children = (
				8EA48C46D19D7A8ED8381A0E /* Pods-SocialChatApp.debug.xcconfig */,
				7FCFA5E4DF74C2560749DCCD /* Pods-SocialChatApp.release.xcconfig */,
			);
			name = Pods;
			sourceTree = "<group>";
		};
/* End PBXGroup section */

/* Begin PBXNativeTarget section */
		B725A2772140B9450097C7AC /* SocialChatApp */ = {
			isa = PBXNativeTarget;
			buildConfigurationList = B725A28C2140B9480097C7AC /* Build configuration list for PBXNativeTarget "SocialChatApp" */;
			buildPhases = (
				AFCE96E42BEF387C4BAA248B /* [CP] Check Pods Manifest.lock */,
				B725A2742140B9450097C7AC /* Sources */,
				B725A2752140B9450097C7AC /* Frameworks */,
				B725A2762140B9450097C7AC /* Resources */,
				FB66B7A8E7851EF8EFDF0083 /* [CP] Embed Pods Frameworks */,
				68E8D8F67A3492B56BB5C6D9 /* [CP] Copy Pods Resources */,
			);
			buildRules = (
			);
			dependencies = (
			);
			name = SocialChatApp;
			productName = SocialChatApp;
			productReference = B725A2782140B9450097C7AC /* SocialChatApp.app */;
			productType = "com.apple.product-type.application";
		};
/* End PBXNativeTarget section */

/* Begin PBXProject section */
		B725A2702140B9450097C7AC /* Project object */ = {
			isa = PBXProject;
			attributes = {
				LastSwiftUpdateCheck = 0930;
				LastUpgradeCheck = 0930;
				ORGANIZATIONNAME = "Teja PV";
				TargetAttributes = {
					B725A2772140B9450097C7AC = {
						CreatedOnToolsVersion = 9.3.1;
					};
				};
			};
			buildConfigurationList = B725A2732140B9450097C7AC /* Build configuration list for PBXProject "SocialChatApp" */;
			compatibilityVersion = "Xcode 9.3";
			developmentRegion = en;
			hasScannedForEncodings = 0;
			knownRegions = (
				en,
				Base,
			);
			mainGroup = B725A26F2140B9450097C7AC;
			productRefGroup = B725A2792140B9450097C7AC /* Products */;
			projectDirPath = "";
			projectRoot = "";
			targets = (
				B725A2772140B9450097C7AC /* SocialChatApp */,
			);
		};
/* End PBXProject section */

/* Begin PBXResourcesBuildPhase section */
		B725A2762140B9450097C7AC /* Resources */ = {
			isa = PBXResourcesBuildPhase;
			buildActionMask = 2147483647;
			files = (
				B725A2882140B9480097C7AC /* LaunchScreen.storyboard in Resources */,
				B725A2952140C6380097C7AC /* GoogleService-Info.plist in Resources */,
				B725A2852140B9480097C7AC /* Assets.xcassets in Resources */,
				B725A2832140B9450097C7AC /* Main.storyboard in Resources */,
			);
			runOnlyForDeploymentPostprocessing = 0;
		};
/* End PBXResourcesBuildPhase section */

/* Begin PBXShellScriptBuildPhase section */
		68E8D8F67A3492B56BB5C6D9 /* [CP] Copy Pods Resources */ = {
			isa = PBXShellScriptBuildPhase;
			buildActionMask = 2147483647;
			files = (
			);
			inputPaths = (
				"${SRCROOT}/Pods/Target Support Files/Pods-SocialChatApp/Pods-SocialChatApp-resources.sh",
				"${PODS_ROOT}/GoogleSignIn/Resources/GoogleSignIn.bundle",
			);
			name = "[CP] Copy Pods Resources";
			outputPaths = (
				"${TARGET_BUILD_DIR}/${UNLOCALIZED_RESOURCES_FOLDER_PATH}/GoogleSignIn.bundle",
			);
			runOnlyForDeploymentPostprocessing = 0;
			shellPath = /bin/sh;
			shellScript = "\"${SRCROOT}/Pods/Target Support Files/Pods-SocialChatApp/Pods-SocialChatApp-resources.sh\"\n";
			showEnvVarsInLog = 0;
		};
		AFCE96E42BEF387C4BAA248B /* [CP] Check Pods Manifest.lock */ = {
			isa = PBXShellScriptBuildPhase;
			buildActionMask = 2147483647;
			files = (
			);
			inputPaths = (
				"${PODS_PODFILE_DIR_PATH}/Podfile.lock",
				"${PODS_ROOT}/Manifest.lock",
			);
			name = "[CP] Check Pods Manifest.lock";
			outputPaths = (
				"$(DERIVED_FILE_DIR)/Pods-SocialChatApp-checkManifestLockResult.txt",
			);
			runOnlyForDeploymentPostprocessing = 0;
			shellPath = /bin/sh;
			shellScript = "diff \"${PODS_PODFILE_DIR_PATH}/Podfile.lock\" \"${PODS_ROOT}/Manifest.lock\" > /dev/null\nif [ $? != 0 ] ; then\n    # print error to STDERR\n    echo \"error: The sandbox is not in sync with the Podfile.lock. Run 'pod install' or update your CocoaPods installation.\" >&2\n    exit 1\nfi\n# This output is used by Xcode 'outputs' to avoid re-running this script phase.\necho \"SUCCESS\" > \"${SCRIPT_OUTPUT_FILE_0}\"\n";
			showEnvVarsInLog = 0;
		};
		FB66B7A8E7851EF8EFDF0083 /* [CP] Embed Pods Frameworks */ = {
			isa = PBXShellScriptBuildPhase;
			buildActionMask = 2147483647;
			files = (
			);
			inputPaths = (
				"${SRCROOT}/Pods/Target Support Files/Pods-SocialChatApp/Pods-SocialChatApp-frameworks.sh",
				"${BUILT_PRODUCTS_DIR}/Bolts/Bolts.framework",
				"${BUILT_PRODUCTS_DIR}/FBSDKCoreKit/FBSDKCoreKit.framework",
				"${BUILT_PRODUCTS_DIR}/FBSDKLoginKit/FBSDKLoginKit.framework",
				"${BUILT_PRODUCTS_DIR}/FBSDKShareKit/FBSDKShareKit.framework",
				"${BUILT_PRODUCTS_DIR}/FacebookCore/FacebookCore.framework",
				"${BUILT_PRODUCTS_DIR}/FacebookLogin/FacebookLogin.framework",
				"${BUILT_PRODUCTS_DIR}/FacebookShare/FacebookShare.framework",
				"${BUILT_PRODUCTS_DIR}/GTMOAuth2/GTMOAuth2.framework",
				"${BUILT_PRODUCTS_DIR}/GTMSessionFetcher/GTMSessionFetcher.framework",
				"${BUILT_PRODUCTS_DIR}/GoogleToolboxForMac/GoogleToolboxForMac.framework",
				"${BUILT_PRODUCTS_DIR}/leveldb-library/leveldb.framework",
				"${BUILT_PRODUCTS_DIR}/nanopb/nanopb.framework",
			);
			name = "[CP] Embed Pods Frameworks";
			outputPaths = (
				"${TARGET_BUILD_DIR}/${FRAMEWORKS_FOLDER_PATH}/Bolts.framework",
				"${TARGET_BUILD_DIR}/${FRAMEWORKS_FOLDER_PATH}/FBSDKCoreKit.framework",
				"${TARGET_BUILD_DIR}/${FRAMEWORKS_FOLDER_PATH}/FBSDKLoginKit.framework",
				"${TARGET_BUILD_DIR}/${FRAMEWORKS_FOLDER_PATH}/FBSDKShareKit.framework",
				"${TARGET_BUILD_DIR}/${FRAMEWORKS_FOLDER_PATH}/FacebookCore.framework",
				"${TARGET_BUILD_DIR}/${FRAMEWORKS_FOLDER_PATH}/FacebookLogin.framework",
				"${TARGET_BUILD_DIR}/${FRAMEWORKS_FOLDER_PATH}/FacebookShare.framework",
				"${TARGET_BUILD_DIR}/${FRAMEWORKS_FOLDER_PATH}/GTMOAuth2.framework",
				"${TARGET_BUILD_DIR}/${FRAMEWORKS_FOLDER_PATH}/GTMSessionFetcher.framework",
				"${TARGET_BUILD_DIR}/${FRAMEWORKS_FOLDER_PATH}/GoogleToolboxForMac.framework",
				"${TARGET_BUILD_DIR}/${FRAMEWORKS_FOLDER_PATH}/leveldb.framework",
				"${TARGET_BUILD_DIR}/${FRAMEWORKS_FOLDER_PATH}/nanopb.framework",
			);
			runOnlyForDeploymentPostprocessing = 0;
			shellPath = /bin/sh;
			shellScript = "\"${SRCROOT}/Pods/Target Support Files/Pods-SocialChatApp/Pods-SocialChatApp-frameworks.sh\"\n";
			showEnvVarsInLog = 0;
		};
/* End PBXShellScriptBuildPhase section */

/* Begin PBXSourcesBuildPhase section */
		B725A2742140B9450097C7AC /* Sources */ = {
			isa = PBXSourcesBuildPhase;
			buildActionMask = 2147483647;
			files = (
				B783AB2A214DF613008FA433 /* UIViewExt.swift in Sources */,
				B783AB2C214DFE94008FA433 /* FeedCell.swift in Sources */,
				B72DCECF21433C5900FD2B40 /* AuthVC.swift in Sources */,
				B73C9DDC21504E9A0074DA9C /* GroupCell.swift in Sources */,
				B725A2802140B9450097C7AC /* GroupsVC.swift in Sources */,
				B73C9DE421506F9B0074DA9C /* UIViewControllerExt.swift in Sources */,
				B72DCED121433C6700FD2B40 /* LoginVC.swift in Sources */,
				B73C9DE221505BD00074DA9C /* GroupFeedVC.swift in Sources */,
				B73C9DE021505B850074DA9C /* GroupFeedCell.swift in Sources */,
				B725A27C2140B9450097C7AC /* AppDelegate.swift in Sources */,
				B72DCED521433FAC00FD2B40 /* ShadowView.swift in Sources */,
				B7AC0713214F57AC000E9DF2 /* CreateGroupsVC.swift in Sources */,
				B73C9DDE2150512F0074DA9C /* Group.swift in Sources */,
				B73C9DDA215038F00074DA9C /* UserCell.swift in Sources */,
				B725A27E2140B9450097C7AC /* FeedVC.swift in Sources */,
				B783AB26214DD50B008FA433 /* AccountVC.swift in Sources */,
				B783AB28214DD8FF008FA433 /* CreatePostVC.swift in Sources */,
				B72DCED321433CC400FD2B40 /* InsetTextField.swift in Sources */,
				B72DCED7214340AA00FD2B40 /* AuthService.swift in Sources */,
				B72DCECD21432E8D00FD2B40 /* DataService.swift in Sources */,
				B783AB2E214DFF7A008FA433 /* Message.swift in Sources */,
			);
			runOnlyForDeploymentPostprocessing = 0;
		};
/* End PBXSourcesBuildPhase section */

/* Begin PBXVariantGroup section */
		B725A2812140B9450097C7AC /* Main.storyboard */ = {
			isa = PBXVariantGroup;
			children = (
				B725A2822140B9450097C7AC /* Base */,
			);
			name = Main.storyboard;
			sourceTree = "<group>";
		};
		B725A2862140B9480097C7AC /* LaunchScreen.storyboard */ = {
			isa = PBXVariantGroup;
			children = (
				B725A2872140B9480097C7AC /* Base */,
			);
			name = LaunchScreen.storyboard;
			sourceTree = "<group>";
		};
/* End PBXVariantGroup section */

/* Begin XCBuildConfiguration section */
		B725A28A2140B9480097C7AC /* Debug */ = {
			isa = XCBuildConfiguration;
			buildSettings = {
				ALWAYS_SEARCH_USER_PATHS = NO;
				CLANG_ANALYZER_NONNULL = YES;
				CLANG_ANALYZER_NUMBER_OBJECT_CONVERSION = YES_AGGRESSIVE;
				CLANG_CXX_LANGUAGE_STANDARD = "gnu++14";
				CLANG_CXX_LIBRARY = "libc++";
				CLANG_ENABLE_MODULES = YES;
				CLANG_ENABLE_OBJC_ARC = YES;
				CLANG_ENABLE_OBJC_WEAK = YES;
				CLANG_WARN_BLOCK_CAPTURE_AUTORELEASING = YES;
				CLANG_WARN_BOOL_CONVERSION = YES;
				CLANG_WARN_COMMA = YES;
				CLANG_WARN_CONSTANT_CONVERSION = YES;
				CLANG_WARN_DEPRECATED_OBJC_IMPLEMENTATIONS = YES;
				CLANG_WARN_DIRECT_OBJC_ISA_USAGE = YES_ERROR;
				CLANG_WARN_DOCUMENTATION_COMMENTS = YES;
				CLANG_WARN_EMPTY_BODY = YES;
				CLANG_WARN_ENUM_CONVERSION = YES;
				CLANG_WARN_INFINITE_RECURSION = YES;
				CLANG_WARN_INT_CONVERSION = YES;
				CLANG_WARN_NON_LITERAL_NULL_CONVERSION = YES;
				CLANG_WARN_OBJC_IMPLICIT_RETAIN_SELF = YES;
				CLANG_WARN_OBJC_LITERAL_CONVERSION = YES;
				CLANG_WARN_OBJC_ROOT_CLASS = YES_ERROR;
				CLANG_WARN_RANGE_LOOP_ANALYSIS = YES;
				CLANG_WARN_STRICT_PROTOTYPES = YES;
				CLANG_WARN_SUSPICIOUS_MOVE = YES;
				CLANG_WARN_UNGUARDED_AVAILABILITY = YES_AGGRESSIVE;
				CLANG_WARN_UNREACHABLE_CODE = YES;
				CLANG_WARN__DUPLICATE_METHOD_MATCH = YES;
				CODE_SIGN_IDENTITY = "iPhone Developer";
				COPY_PHASE_STRIP = NO;
				DEBUG_INFORMATION_FORMAT = dwarf;
				ENABLE_STRICT_OBJC_MSGSEND = YES;
				ENABLE_TESTABILITY = YES;
				GCC_C_LANGUAGE_STANDARD = gnu11;
				GCC_DYNAMIC_NO_PIC = NO;
				GCC_NO_COMMON_BLOCKS = YES;
				GCC_OPTIMIZATION_LEVEL = 0;
				GCC_PREPROCESSOR_DEFINITIONS = (
					"DEBUG=1",
					"$(inherited)",
				);
				GCC_WARN_64_TO_32_BIT_CONVERSION = YES;
				GCC_WARN_ABOUT_RETURN_TYPE = YES_ERROR;
				GCC_WARN_UNDECLARED_SELECTOR = YES;
				GCC_WARN_UNINITIALIZED_AUTOS = YES_AGGRESSIVE;
				GCC_WARN_UNUSED_FUNCTION = YES;
				GCC_WARN_UNUSED_VARIABLE = YES;
				IPHONEOS_DEPLOYMENT_TARGET = 11.3;
				MTL_ENABLE_DEBUG_INFO = YES;
				ONLY_ACTIVE_ARCH = YES;
				SDKROOT = iphoneos;
				SWIFT_ACTIVE_COMPILATION_CONDITIONS = DEBUG;
				SWIFT_OPTIMIZATION_LEVEL = "-Onone";
			};
			name = Debug;
		};
		B725A28B2140B9480097C7AC /* Release */ = {
			isa = XCBuildConfiguration;
			buildSettings = {
				ALWAYS_SEARCH_USER_PATHS = NO;
				CLANG_ANALYZER_NONNULL = YES;
				CLANG_ANALYZER_NUMBER_OBJECT_CONVERSION = YES_AGGRESSIVE;
				CLANG_CXX_LANGUAGE_STANDARD = "gnu++14";
				CLANG_CXX_LIBRARY = "libc++";
				CLANG_ENABLE_MODULES = YES;
				CLANG_ENABLE_OBJC_ARC = YES;
				CLANG_ENABLE_OBJC_WEAK = YES;
				CLANG_WARN_BLOCK_CAPTURE_AUTORELEASING = YES;
				CLANG_WARN_BOOL_CONVERSION = YES;
				CLANG_WARN_COMMA = YES;
				CLANG_WARN_CONSTANT_CONVERSION = YES;
				CLANG_WARN_DEPRECATED_OBJC_IMPLEMENTATIONS = YES;
				CLANG_WARN_DIRECT_OBJC_ISA_USAGE = YES_ERROR;
				CLANG_WARN_DOCUMENTATION_COMMENTS = YES;
				CLANG_WARN_EMPTY_BODY = YES;
				CLANG_WARN_ENUM_CONVERSION = YES;
				CLANG_WARN_INFINITE_RECURSION = YES;
				CLANG_WARN_INT_CONVERSION = YES;
				CLANG_WARN_NON_LITERAL_NULL_CONVERSION = YES;
				CLANG_WARN_OBJC_IMPLICIT_RETAIN_SELF = YES;
				CLANG_WARN_OBJC_LITERAL_CONVERSION = YES;
				CLANG_WARN_OBJC_ROOT_CLASS = YES_ERROR;
				CLANG_WARN_RANGE_LOOP_ANALYSIS = YES;
				CLANG_WARN_STRICT_PROTOTYPES = YES;
				CLANG_WARN_SUSPICIOUS_MOVE = YES;
				CLANG_WARN_UNGUARDED_AVAILABILITY = YES_AGGRESSIVE;
				CLANG_WARN_UNREACHABLE_CODE = YES;
				CLANG_WARN__DUPLICATE_METHOD_MATCH = YES;
				CODE_SIGN_IDENTITY = "iPhone Developer";
				COPY_PHASE_STRIP = NO;
				DEBUG_INFORMATION_FORMAT = "dwarf-with-dsym";
				ENABLE_NS_ASSERTIONS = NO;
				ENABLE_STRICT_OBJC_MSGSEND = YES;
				GCC_C_LANGUAGE_STANDARD = gnu11;
				GCC_NO_COMMON_BLOCKS = YES;
				GCC_WARN_64_TO_32_BIT_CONVERSION = YES;
				GCC_WARN_ABOUT_RETURN_TYPE = YES_ERROR;
				GCC_WARN_UNDECLARED_SELECTOR = YES;
				GCC_WARN_UNINITIALIZED_AUTOS = YES_AGGRESSIVE;
				GCC_WARN_UNUSED_FUNCTION = YES;
				GCC_WARN_UNUSED_VARIABLE = YES;
				IPHONEOS_DEPLOYMENT_TARGET = 11.3;
				MTL_ENABLE_DEBUG_INFO = NO;
				SDKROOT = iphoneos;
				SWIFT_COMPILATION_MODE = wholemodule;
				SWIFT_OPTIMIZATION_LEVEL = "-O";
				VALIDATE_PRODUCT = YES;
			};
			name = Release;
		};
		B725A28D2140B9480097C7AC /* Debug */ = {
			isa = XCBuildConfiguration;
			baseConfigurationReference = 8EA48C46D19D7A8ED8381A0E /* Pods-SocialChatApp.debug.xcconfig */;
			buildSettings = {
				ASSETCATALOG_COMPILER_APPICON_NAME = AppIcon;
				CODE_SIGN_STYLE = Automatic;
				INFOPLIST_FILE = SocialChatApp/Info.plist;
				IPHONEOS_DEPLOYMENT_TARGET = 10.0;
				LD_RUNPATH_SEARCH_PATHS = (
					"$(inherited)",
					"@executable_path/Frameworks",
				);
				PRODUCT_BUNDLE_IDENTIFIER = com.Teja.SocialChatApp;
				PRODUCT_NAME = "$(TARGET_NAME)";
				SWIFT_VERSION = 4.0;
				TARGETED_DEVICE_FAMILY = "1,2";
			};
			name = Debug;
		};
		B725A28E2140B9480097C7AC /* Release */ = {
			isa = XCBuildConfiguration;
			baseConfigurationReference = 7FCFA5E4DF74C2560749DCCD /* Pods-SocialChatApp.release.xcconfig */;
			buildSettings = {
				ASSETCATALOG_COMPILER_APPICON_NAME = AppIcon;
				CODE_SIGN_STYLE = Automatic;
				INFOPLIST_FILE = SocialChatApp/Info.plist;
				IPHONEOS_DEPLOYMENT_TARGET = 10.0;
				LD_RUNPATH_SEARCH_PATHS = (
					"$(inherited)",
					"@executable_path/Frameworks",
				);
				PRODUCT_BUNDLE_IDENTIFIER = com.Teja.SocialChatApp;
				PRODUCT_NAME = "$(TARGET_NAME)";
				SWIFT_VERSION = 4.0;
				TARGETED_DEVICE_FAMILY = "1,2";
			};
			name = Release;
		};
/* End XCBuildConfiguration section */

/* Begin XCConfigurationList section */
		B725A2732140B9450097C7AC /* Build configuration list for PBXProject "SocialChatApp" */ = {
			isa = XCConfigurationList;
			buildConfigurations = (
				B725A28A2140B9480097C7AC /* Debug */,
				B725A28B2140B9480097C7AC /* Release */,
			);
			defaultConfigurationIsVisible = 0;
			defaultConfigurationName = Release;
		};
		B725A28C2140B9480097C7AC /* Build configuration list for PBXNativeTarget "SocialChatApp" */ = {
			isa = XCConfigurationList;
			buildConfigurations = (
				B725A28D2140B9480097C7AC /* Debug */,
				B725A28E2140B9480097C7AC /* Release */,
			);
			defaultConfigurationIsVisible = 0;
			defaultConfigurationName = Release;
		};
/* End XCConfigurationList section */
	};
	rootObject = B725A2702140B9450097C7AC /* Project object */;
}
